// !$*UTF8*$!
{
	archiveVersion = 1;
	classes = {
	};
	objectVersion = 42;
	objects = {

/* Begin PBXBuildFile section */
		3305D5480BC94F9D0096E476 /* Cocoa.framework in Frameworks */ = {isa = PBXBuildFile; fileRef = DD92D38A0106425D02CA0E72 /* Cocoa.framework */; };
		337357D40BAC7BE6000A47E2 /* QSCore.framework in Frameworks */ = {isa = PBXBuildFile; fileRef = 3373569D0BAC7B2C000A47E2 /* QSCore.framework */; };
		337357D60BAC7BE6000A47E2 /* QSFoundation.framework in Frameworks */ = {isa = PBXBuildFile; fileRef = 3373569F0BAC7B2C000A47E2 /* QSFoundation.framework */; };
		337357D70BAC7BE6000A47E2 /* QSInterface.framework in Frameworks */ = {isa = PBXBuildFile; fileRef = 337356A00BAC7B2C000A47E2 /* QSInterface.framework */; };
		7F0149820A401C87006AF239 /* QSCubeInterface.m in Sources */ = {isa = PBXBuildFile; fileRef = 7F0149810A401C87006AF239 /* QSCubeInterface.m */; };
		7F03F7500A42C50B00B57270 /* QSCubeInterfaceBackgroundView.m in Sources */ = {isa = PBXBuildFile; fileRef = 7F03F74F0A42C50B00B57270 /* QSCubeInterfaceBackgroundView.m */; };
		7F520AD60A50B20900A6671F /* QSShadowView.m in Sources */ = {isa = PBXBuildFile; fileRef = 7F520AD50A50B20900A6671F /* QSShadowView.m */; };
		7F73BBA70A51E9C500F854AB /* Localizable.strings in Resources */ = {isa = PBXBuildFile; fileRef = 7F73BBA50A51E9C500F854AB /* Localizable.strings */; };
		CDC0077315931C7500F91BFF /* QSEffects.framework in Frameworks */ = {isa = PBXBuildFile; fileRef = CDC0077215931C7500F91BFF /* QSEffects.framework */; };
		CDEC720D15ACD25C00821296 /* QSCubeInterfacePrefPane.xib in Resources */ = {isa = PBXBuildFile; fileRef = CDEC720C15ACD25C00821296 /* QSCubeInterfacePrefPane.xib */; };
		CDEC720F15ACD26D00821296 /* QSCubeInterface.xib in Resources */ = {isa = PBXBuildFile; fileRef = CDEC720E15ACD26D00821296 /* QSCubeInterface.xib */; };
/* End PBXBuildFile section */

/* Begin PBXFileReference section */
		3373569D0BAC7B2C000A47E2 /* QSCore.framework */ = {isa = PBXFileReference; lastKnownFileType = wrapper.framework; path = QSCore.framework; sourceTree = BUILT_PRODUCTS_DIR; };
		3373569F0BAC7B2C000A47E2 /* QSFoundation.framework */ = {isa = PBXFileReference; lastKnownFileType = wrapper.framework; path = QSFoundation.framework; sourceTree = BUILT_PRODUCTS_DIR; };
		337356A00BAC7B2C000A47E2 /* QSInterface.framework */ = {isa = PBXFileReference; lastKnownFileType = wrapper.framework; path = QSInterface.framework; sourceTree = BUILT_PRODUCTS_DIR; };
		7F0149800A401C87006AF239 /* QSCubeInterface.h */ = {isa = PBXFileReference; fileEncoding = 4; lastKnownFileType = sourcecode.c.h; path = QSCubeInterface.h; sourceTree = "<group>"; };
		7F0149810A401C87006AF239 /* QSCubeInterface.m */ = {isa = PBXFileReference; fileEncoding = 4; lastKnownFileType = sourcecode.c.objc; path = QSCubeInterface.m; sourceTree = "<group>"; };
		7F03F74E0A42C50B00B57270 /* QSCubeInterfaceBackgroundView.h */ = {isa = PBXFileReference; fileEncoding = 4; lastKnownFileType = sourcecode.c.h; path = QSCubeInterfaceBackgroundView.h; sourceTree = "<group>"; };
		7F03F74F0A42C50B00B57270 /* QSCubeInterfaceBackgroundView.m */ = {isa = PBXFileReference; fileEncoding = 4; lastKnownFileType = sourcecode.c.objc; path = QSCubeInterfaceBackgroundView.m; sourceTree = "<group>"; };
		7F520AD40A50B20900A6671F /* QSShadowView.h */ = {isa = PBXFileReference; fileEncoding = 4; lastKnownFileType = sourcecode.c.h; path = QSShadowView.h; sourceTree = "<group>"; };
		7F520AD50A50B20900A6671F /* QSShadowView.m */ = {isa = PBXFileReference; fileEncoding = 4; lastKnownFileType = sourcecode.c.objc; path = QSShadowView.m; sourceTree = "<group>"; };
		7F73BBA60A51E9C500F854AB /* en */ = {isa = PBXFileReference; fileEncoding = 30; lastKnownFileType = text.plist.strings; name = en; path = en.lproj/Localizable.strings; sourceTree = "<group>"; };
		8D1AC9730486D14A00FE50C9 /* Info.plist */ = {isa = PBXFileReference; fileEncoding = 4; lastKnownFileType = text.plist; path = Info.plist; sourceTree = "<group>"; };
		8D1AC9740486D14A00FE50C9 /* Cube Interface.qsplugin */ = {isa = PBXFileReference; explicitFileType = wrapper.cfbundle; includeInIndex = 0; path = "Cube Interface.qsplugin"; sourceTree = BUILT_PRODUCTS_DIR; };
		CDC0077215931C7500F91BFF /* QSEffects.framework */ = {isa = PBXFileReference; lastKnownFileType = wrapper.framework; path = QSEffects.framework; sourceTree = BUILT_PRODUCTS_DIR; };
		CDE6C667157EA50D006E66BD /* Common.xcconfig */ = {isa = PBXFileReference; lastKnownFileType = text.xcconfig; path = Common.xcconfig; sourceTree = "<group>"; };
		CDE6C668157EA50D006E66BD /* Debug.xcconfig */ = {isa = PBXFileReference; lastKnownFileType = text.xcconfig; path = Debug.xcconfig; sourceTree = "<group>"; };
		CDE6C669157EA50D006E66BD /* Developer.xcconfig */ = {isa = PBXFileReference; lastKnownFileType = text.xcconfig; path = Developer.xcconfig; sourceTree = "<group>"; };
		CDE6C66A157EA50D006E66BD /* QSPlugIn.xcconfig */ = {isa = PBXFileReference; lastKnownFileType = text.xcconfig; path = QSPlugIn.xcconfig; sourceTree = "<group>"; };
		CDE6C66B157EA50D006E66BD /* QSPlugIn_Debug.xcconfig */ = {isa = PBXFileReference; lastKnownFileType = text.xcconfig; path = QSPlugIn_Debug.xcconfig; sourceTree = "<group>"; };
		CDE6C66C157EA50D006E66BD /* QSPlugIn_Release.xcconfig */ = {isa = PBXFileReference; lastKnownFileType = text.xcconfig; path = QSPlugIn_Release.xcconfig; sourceTree = "<group>"; };
		CDE6C66D157EA50D006E66BD /* Quicksilver.pch */ = {isa = PBXFileReference; lastKnownFileType = sourcecode.c.h; path = Quicksilver.pch; sourceTree = "<group>"; };
		CDE6C66E157EA50D006E66BD /* Release.xcconfig */ = {isa = PBXFileReference; lastKnownFileType = text.xcconfig; path = Release.xcconfig; sourceTree = "<group>"; };
		CDEC720C15ACD25C00821296 /* QSCubeInterfacePrefPane.xib */ = {isa = PBXFileReference; fileEncoding = 4; lastKnownFileType = file.xib; path = QSCubeInterfacePrefPane.xib; sourceTree = "<group>"; };
		CDEC720E15ACD26D00821296 /* QSCubeInterface.xib */ = {isa = PBXFileReference; fileEncoding = 4; lastKnownFileType = file.xib; path = QSCubeInterface.xib; sourceTree = "<group>"; };
		DD92D38A0106425D02CA0E72 /* Cocoa.framework */ = {isa = PBXFileReference; lastKnownFileType = wrapper.framework; name = Cocoa.framework; path = /System/Library/Frameworks/Cocoa.framework; sourceTree = "<absolute>"; };
/* End PBXFileReference section */

/* Begin PBXFrameworksBuildPhase section */
		8D1AC96E0486D14A00FE50C9 /* Frameworks */ = {
			isa = PBXFrameworksBuildPhase;
			buildActionMask = 2147483647;
			files = (
				337357D40BAC7BE6000A47E2 /* QSCore.framework in Frameworks */,
				337357D60BAC7BE6000A47E2 /* QSFoundation.framework in Frameworks */,
				337357D70BAC7BE6000A47E2 /* QSInterface.framework in Frameworks */,
				3305D5480BC94F9D0096E476 /* Cocoa.framework in Frameworks */,
				CDC0077315931C7500F91BFF /* QSEffects.framework in Frameworks */,
			);
			runOnlyForDeploymentPostprocessing = 0;
		};
/* End PBXFrameworksBuildPhase section */

/* Begin PBXGroup section */
		0259C574FE90428111CA0C5A /* QSCubeInterfacePlugIn */ = {
			isa = PBXGroup;
			children = (
				CDE6C666157EA50D006E66BD /* Configuration */,
				32DBCF9E0370C38000C91783 /* Classes */,
				0259C582FE90428111CA0C5A /* Resources */,
				1ED78706FE9D4A0611CA0C5A /* Products */,
				2E58F364FFB232C311CA0CBA /* Frameworks */,
			);
			name = QSCubeInterfacePlugIn;
			sourceTree = "<group>";
		};
		0259C582FE90428111CA0C5A /* Resources */ = {
			isa = PBXGroup;
			children = (
				7F73BBA50A51E9C500F854AB /* Localizable.strings */,
				CDEC720C15ACD25C00821296 /* QSCubeInterfacePrefPane.xib */,
				CDEC720E15ACD26D00821296 /* QSCubeInterface.xib */,
				8D1AC9730486D14A00FE50C9 /* Info.plist */,
			);
			name = Resources;
			sourceTree = "<group>";
		};
		1ED78706FE9D4A0611CA0C5A /* Products */ = {
			isa = PBXGroup;
			children = (
				8D1AC9740486D14A00FE50C9 /* Cube Interface.qsplugin */,
			);
			name = Products;
			sourceTree = "<group>";
		};
		2E58F364FFB232C311CA0CBA /* Frameworks */ = {
			isa = PBXGroup;
			children = (
				DD92D38A0106425D02CA0E72 /* Cocoa.framework */,
				3373569D0BAC7B2C000A47E2 /* QSCore.framework */,
				CDC0077215931C7500F91BFF /* QSEffects.framework */,
				3373569F0BAC7B2C000A47E2 /* QSFoundation.framework */,
				337356A00BAC7B2C000A47E2 /* QSInterface.framework */,
			);
			name = Frameworks;
			sourceTree = "<group>";
		};
		32DBCF9E0370C38000C91783 /* Classes */ = {
			isa = PBXGroup;
			children = (
				7F0149800A401C87006AF239 /* QSCubeInterface.h */,
				7F0149810A401C87006AF239 /* QSCubeInterface.m */,
				7F03F74E0A42C50B00B57270 /* QSCubeInterfaceBackgroundView.h */,
				7F03F74F0A42C50B00B57270 /* QSCubeInterfaceBackgroundView.m */,
				7F520AD40A50B20900A6671F /* QSShadowView.h */,
				7F520AD50A50B20900A6671F /* QSShadowView.m */,
			);
			name = Classes;
			sourceTree = "<group>";
		};
		CDE6C666157EA50D006E66BD /* Configuration */ = {
			isa = PBXGroup;
			children = (
				CDE6C667157EA50D006E66BD /* Common.xcconfig */,
				CDE6C668157EA50D006E66BD /* Debug.xcconfig */,
				CDE6C669157EA50D006E66BD /* Developer.xcconfig */,
				CDE6C66A157EA50D006E66BD /* QSPlugIn.xcconfig */,
				CDE6C66B157EA50D006E66BD /* QSPlugIn_Debug.xcconfig */,
				CDE6C66C157EA50D006E66BD /* QSPlugIn_Release.xcconfig */,
				CDE6C66D157EA50D006E66BD /* Quicksilver.pch */,
				CDE6C66E157EA50D006E66BD /* Release.xcconfig */,
			);
			name = Configuration;
			path = /private/tmp/QS/Configuration;
			sourceTree = "<absolute>";
		};
/* End PBXGroup section */

/* Begin PBXNativeTarget section */
		8D1AC9600486D14A00FE50C9 /* Cube Interface */ = {
			isa = PBXNativeTarget;
			buildConfigurationList = 7F6B3EEB085CE8DF000735A8 /* Build configuration list for PBXNativeTarget "Cube Interface" */;
			buildPhases = (
				8D1AC9660486D14A00FE50C9 /* Resources */,
				8D1AC96A0486D14A00FE50C9 /* Sources */,
				8D1AC96E0486D14A00FE50C9 /* Frameworks */,
				E1022B2806B3475D00299BEC /* ShellScript */,
			);
			buildRules = (
			);
			dependencies = (
			);
			name = "Cube Interface";
			productInstallPath = "$(HOME)/Developer/Palettes";
			productName = QSCubeInterfacePlugIn;
			productReference = 8D1AC9740486D14A00FE50C9 /* Cube Interface.qsplugin */;
			productType = "com.apple.product-type.bundle";
		};
/* End PBXNativeTarget section */

/* Begin PBXProject section */
		0259C573FE90428111CA0C5A /* Project object */ = {
			isa = PBXProject;
			buildConfigurationList = 7F6B3EEF085CE8DF000735A8 /* Build configuration list for PBXProject "QSCubeInterfacePlugIn" */;
			compatibilityVersion = "Xcode 2.4";
			developmentRegion = English;
			hasScannedForEncodings = 1;
			knownRegions = (
				English,
				Japanese,
				French,
				German,
				en,
			);
			mainGroup = 0259C574FE90428111CA0C5A /* QSCubeInterfacePlugIn */;
			projectDirPath = "";
			projectRoot = "";
			targets = (
				8D1AC9600486D14A00FE50C9 /* Cube Interface */,
			);
		};
/* End PBXProject section */

/* Begin PBXResourcesBuildPhase section */
		8D1AC9660486D14A00FE50C9 /* Resources */ = {
			isa = PBXResourcesBuildPhase;
			buildActionMask = 2147483647;
			files = (
				7F73BBA70A51E9C500F854AB /* Localizable.strings in Resources */,
				CDEC720D15ACD25C00821296 /* QSCubeInterfacePrefPane.xib in Resources */,
				CDEC720F15ACD26D00821296 /* QSCubeInterface.xib in Resources */,
			);
			runOnlyForDeploymentPostprocessing = 0;
		};
/* End PBXResourcesBuildPhase section */

/* Begin PBXShellScriptBuildPhase section */
		E1022B2806B3475D00299BEC /* ShellScript */ = {
			isa = PBXShellScriptBuildPhase;
			buildActionMask = 2147483647;
			files = (
			);
			inputPaths = (
			);
			outputPaths = (
			);
			runOnlyForDeploymentPostprocessing = 0;
			shellPath = /bin/sh;
			shellScript = "$SRCROOT/bltrversion $INFOPLIST_FILE";
		};
/* End PBXShellScriptBuildPhase section */

/* Begin PBXSourcesBuildPhase section */
		8D1AC96A0486D14A00FE50C9 /* Sources */ = {
			isa = PBXSourcesBuildPhase;
			buildActionMask = 2147483647;
			files = (
				7F0149820A401C87006AF239 /* QSCubeInterface.m in Sources */,
				7F03F7500A42C50B00B57270 /* QSCubeInterfaceBackgroundView.m in Sources */,
				7F520AD60A50B20900A6671F /* QSShadowView.m in Sources */,
			);
			runOnlyForDeploymentPostprocessing = 0;
		};
/* End PBXSourcesBuildPhase section */

/* Begin PBXVariantGroup section */
		7F73BBA50A51E9C500F854AB /* Localizable.strings */ = {
			isa = PBXVariantGroup;
			children = (
				7F73BBA60A51E9C500F854AB /* en */,
			);
			name = Localizable.strings;
			sourceTree = "<group>";
		};
/* End PBXVariantGroup section */

/* Begin XCBuildConfiguration section */
		7F6B3EEC085CE8DF000735A8 /* Debug */ = {
			isa = XCBuildConfiguration;
			baseConfigurationReference = CDE6C66A157EA50D006E66BD /* QSPlugIn.xcconfig */;
			buildSettings = {
				GCC_ENABLE_FIX_AND_CONTINUE = YES;
				INFOPLIST_FILE = Info.plist;
				OTHER_LDFLAGS = "-bundle";
				PRODUCT_NAME = "Cube Interface";
				WRAPPER_EXTENSION = qsplugin;
			};
			name = Debug;
		};
		7F6B3EED085CE8DF000735A8 /* Release */ = {
			isa = XCBuildConfiguration;
			baseConfigurationReference = CDE6C66A157EA50D006E66BD /* QSPlugIn.xcconfig */;
			buildSettings = {
				GCC_ENABLE_FIX_AND_CONTINUE = NO;
				INFOPLIST_FILE = Info.plist;
				OTHER_LDFLAGS = "-bundle";
				PRODUCT_NAME = "Cube Interface";
				WRAPPER_EXTENSION = qsplugin;
			};
			name = Release;
		};
		7F6B3EF0085CE8DF000735A8 /* Debug */ = {
			isa = XCBuildConfiguration;
			baseConfigurationReference = CDE6C668157EA50D006E66BD /* Debug.xcconfig */;
			buildSettings = {
			};
			name = Debug;
		};
		7F6B3EF1085CE8DF000735A8 /* Release */ = {
			isa = XCBuildConfiguration;
			baseConfigurationReference = CDE6C66E157EA50D006E66BD /* Release.xcconfig */;
			buildSettings = {
			};
			name = Release;
		};
/* End XCBuildConfiguration section */

/* Begin XCConfigurationList section */
		7F6B3EEB085CE8DF000735A8 /* Build configuration list for PBXNativeTarget "Cube Interface" */ = {
			isa = XCConfigurationList;
			buildConfigurations = (
				7F6B3EEC085CE8DF000735A8 /* Debug */,
				7F6B3EED085CE8DF000735A8 /* Release */,
			);
			defaultConfigurationIsVisible = 0;
			defaultConfigurationName = Release;
		};
		7F6B3EEF085CE8DF000735A8 /* Build configuration list for PBXProject "QSCubeInterfacePlugIn" */ = {
			isa = XCConfigurationList;
			buildConfigurations = (
				7F6B3EF0085CE8DF000735A8 /* Debug */,
				7F6B3EF1085CE8DF000735A8 /* Release */,
			);
			defaultConfigurationIsVisible = 0;
			defaultConfigurationName = Release;
		};
/* End XCConfigurationList section */
	};
	rootObject = 0259C573FE90428111CA0C5A /* Project object */;
}
